
Microsoft Visual Studio Solution File, Format Version 12.00
# Visual Studio Version 17
VisualStudioVersion = 17.2.32630.192
MinimumVisualStudioVersion = 10.0.40219.1
Project("{9A19103F-16F7-4668-BE54-9A1E7A4F7556}") = "Application", "Application\Application.csproj", "{B3D10BF3-8C5A-442D-AA93-962CE6DB0D44}"
EndProject
Project("{FAE04EC0-301F-11D3-BF4B-00C04F79EFBC}") = "BL", "BL\BL.csproj", "{4DBF73D0-D924-40E9-929B-14CF0DD487FD}"
EndProject
Project("{FAE04EC0-301F-11D3-BF4B-00C04F79EFBC}") = "DAL", "DAL\DAL.csproj", "{27F30E45-5611-4996-90EF-712B9448FA00}"
EndProject
Global
	GlobalSection(SolutionConfigurationPlatforms) = preSolution
		Debug|Any CPU = Debug|Any CPU
		Release|Any CPU = Release|Any CPU
	EndGlobalSection
	GlobalSection(ProjectConfigurationPlatforms) = postSolution
		{B3D10BF3-8C5A-442D-AA93-962CE6DB0D44}.Debug|Any CPU.ActiveCfg = Debug|Any CPU
		{B3D10BF3-8C5A-442D-AA93-962CE6DB0D44}.Debug|Any CPU.Build.0 = Debug|Any CPU
		{B3D10BF3-8C5A-442D-AA93-962CE6DB0D44}.Release|Any CPU.ActiveCfg = Release|Any CPU
		{B3D10BF3-8C5A-442D-AA93-962CE6DB0D44}.Release|Any CPU.Build.0 = Release|Any CPU
		{4DBF73D0-D924-40E9-929B-14CF0DD487FD}.Debug|Any CPU.ActiveCfg = Debug|Any CPU
		{4DBF73D0-D924-40E9-929B-14CF0DD487FD}.Debug|Any CPU.Build.0 = Debug|Any CPU
		{4DBF73D0-D924-40E9-929B-14CF0DD487FD}.Release|Any CPU.ActiveCfg = Release|Any CPU
		{4DBF73D0-D924-40E9-929B-14CF0DD487FD}.Release|Any CPU.Build.0 = Release|Any CPU
		{27F30E45-5611-4996-90EF-712B9448FA00}.Debug|Any CPU.ActiveCfg = Debug|Any CPU
		{27F30E45-5611-4996-90EF-712B9448FA00}.Debug|Any CPU.Build.0 = Debug|Any CPU
		{27F30E45-5611-4996-90EF-712B9448FA00}.Release|Any CPU.ActiveCfg = Release|Any CPU
		{27F30E45-5611-4996-90EF-712B9448FA00}.Release|Any CPU.Build.0 = Release|Any CPU
	EndGlobalSection
	GlobalSection(SolutionProperties) = preSolution
		HideSolutionNode = FALSE
	EndGlobalSection
	GlobalSection(ExtensibilityGlobals) = postSolution
		SolutionGuid = {E9ADFD5B-4958-4087-AFC7-1650EB5A49D7}
	EndGlobalSection
EndGlobal
